
Microsoft Visual Studio Solution File, Format Version 12.00
# Visual Studio Version 16
VisualStudioVersion = 16.0.28902.138
MinimumVisualStudioVersion = 10.0.40219.1
Project("{9A19103F-16F7-4668-BE54-9A1E7A4F7556}") = "Count Same Values in Array", "Count Same Values in Array\Count Same Values in Array.csproj", "{9D92F1F8-99C1-4DFF-8393-56AC984136F3}"
EndProject
Project("{9A19103F-16F7-4668-BE54-9A1E7A4F7556}") = "Average Student Grades", "Average Student Grades\Average Student Grades.csproj", "{E86CE75B-A19B-48FE-A6FF-DAFA575AC7DD}"
EndProject
Project("{9A19103F-16F7-4668-BE54-9A1E7A4F7556}") = "Product Shop", "Product Shop\Product Shop.csproj", "{F53D836C-93ED-4457-8A73-DE42131F768C}"
EndProject
Project("{9A19103F-16F7-4668-BE54-9A1E7A4F7556}") = "Cities by Continent and Country", "Cities by Continent and Country\Cities by Continent and Country.csproj", "{2826E408-1DFD-400D-B31E-DCEFD0C21266}"
EndProject
Project("{9A19103F-16F7-4668-BE54-9A1E7A4F7556}") = "Record Unique Names", "Record Unique Names\Record Unique Names.csproj", "{A3240A19-3FB3-47F6-B333-187DC2B55CFF}"
EndProject
Project("{9A19103F-16F7-4668-BE54-9A1E7A4F7556}") = "Parking Lot", "Parking Lot\Parking Lot.csproj", "{9A7A133A-C5AD-4650-B267-F862F0609A0A}"
EndProject
Project("{9A19103F-16F7-4668-BE54-9A1E7A4F7556}") = "SoftUni Party", "SoftUni Party\SoftUni Party.csproj", "{33EE3358-DEFF-4DF2-A1E8-64577757E97C}"
EndProject
Project("{FAE04EC0-301F-11D3-BF4B-00C04F79EFBC}") = "Unique Usernames", "Unique Usernames\Unique Usernames.csproj", "{2C833CCA-6BE7-493A-BBB6-FBF1131315BD}"
EndProject
Project("{FAE04EC0-301F-11D3-BF4B-00C04F79EFBC}") = "Sets of Elements", "Sets of Elements\Sets of Elements.csproj", "{8A421480-A6C5-4428-828C-0F45FC40B3F8}"
EndProject
Project("{FAE04EC0-301F-11D3-BF4B-00C04F79EFBC}") = "Periodic Table", "Periodic Table\Periodic Table.csproj", "{C9A0EA14-5E1C-4C58-A176-1894B83D970F}"
EndProject
Project("{FAE04EC0-301F-11D3-BF4B-00C04F79EFBC}") = "Even Times", "Even Times\Even Times.csproj", "{F02B123C-11B6-403A-A149-0D75A6DD3BDF}"
EndProject
Project("{FAE04EC0-301F-11D3-BF4B-00C04F79EFBC}") = "Count Symbols", "Count Symbols\Count Symbols.csproj", "{2D54A9B4-890B-4807-8C63-33B711452AFC}"
EndProject
Project("{FAE04EC0-301F-11D3-BF4B-00C04F79EFBC}") = "Wardrobe", "Wardrobe\Wardrobe.csproj", "{064695A6-D53B-4DB7-B08F-F0D33647BC5F}"
EndProject
Project("{FAE04EC0-301F-11D3-BF4B-00C04F79EFBC}") = "The V-Logger", "The V-Logger\The V-Logger.csproj", "{9F49BCE7-5123-456E-AF3B-A99CD665B14A}"
EndProject
Project("{FAE04EC0-301F-11D3-BF4B-00C04F79EFBC}") = "Ranking", "Ranking\Ranking.csproj", "{90F30E43-C1DB-477A-87C3-6DA986E7E09C}"
EndProject
Global
	GlobalSection(SolutionConfigurationPlatforms) = preSolution
		Debug|Any CPU = Debug|Any CPU
		Release|Any CPU = Release|Any CPU
	EndGlobalSection
	GlobalSection(ProjectConfigurationPlatforms) = postSolution
		{9D92F1F8-99C1-4DFF-8393-56AC984136F3}.Debug|Any CPU.ActiveCfg = Debug|Any CPU
		{9D92F1F8-99C1-4DFF-8393-56AC984136F3}.Debug|Any CPU.Build.0 = Debug|Any CPU
		{9D92F1F8-99C1-4DFF-8393-56AC984136F3}.Release|Any CPU.ActiveCfg = Release|Any CPU
		{9D92F1F8-99C1-4DFF-8393-56AC984136F3}.Release|Any CPU.Build.0 = Release|Any CPU
		{E86CE75B-A19B-48FE-A6FF-DAFA575AC7DD}.Debug|Any CPU.ActiveCfg = Debug|Any CPU
		{E86CE75B-A19B-48FE-A6FF-DAFA575AC7DD}.Debug|Any CPU.Build.0 = Debug|Any CPU
		{E86CE75B-A19B-48FE-A6FF-DAFA575AC7DD}.Release|Any CPU.ActiveCfg = Release|Any CPU
		{E86CE75B-A19B-48FE-A6FF-DAFA575AC7DD}.Release|Any CPU.Build.0 = Release|Any CPU
		{F53D836C-93ED-4457-8A73-DE42131F768C}.Debug|Any CPU.ActiveCfg = Debug|Any CPU
		{F53D836C-93ED-4457-8A73-DE42131F768C}.Debug|Any CPU.Build.0 = Debug|Any CPU
		{F53D836C-93ED-4457-8A73-DE42131F768C}.Release|Any CPU.ActiveCfg = Release|Any CPU
		{F53D836C-93ED-4457-8A73-DE42131F768C}.Release|Any CPU.Build.0 = Release|Any CPU
		{2826E408-1DFD-400D-B31E-DCEFD0C21266}.Debug|Any CPU.ActiveCfg = Debug|Any CPU
		{2826E408-1DFD-400D-B31E-DCEFD0C21266}.Debug|Any CPU.Build.0 = Debug|Any CPU
		{2826E408-1DFD-400D-B31E-DCEFD0C21266}.Release|Any CPU.ActiveCfg = Release|Any CPU
		{2826E408-1DFD-400D-B31E-DCEFD0C21266}.Release|Any CPU.Build.0 = Release|Any CPU
		{A3240A19-3FB3-47F6-B333-187DC2B55CFF}.Debug|Any CPU.ActiveCfg = Debug|Any CPU
		{A3240A19-3FB3-47F6-B333-187DC2B55CFF}.Debug|Any CPU.Build.0 = Debug|Any CPU
		{A3240A19-3FB3-47F6-B333-187DC2B55CFF}.Release|Any CPU.ActiveCfg = Release|Any CPU
		{A3240A19-3FB3-47F6-B333-187DC2B55CFF}.Release|Any CPU.Build.0 = Release|Any CPU
		{9A7A133A-C5AD-4650-B267-F862F0609A0A}.Debug|Any CPU.ActiveCfg = Debug|Any CPU
		{9A7A133A-C5AD-4650-B267-F862F0609A0A}.Debug|Any CPU.Build.0 = Debug|Any CPU
		{9A7A133A-C5AD-4650-B267-F862F0609A0A}.Release|Any CPU.ActiveCfg = Release|Any CPU
		{9A7A133A-C5AD-4650-B267-F862F0609A0A}.Release|Any CPU.Build.0 = Release|Any CPU
		{33EE3358-DEFF-4DF2-A1E8-64577757E97C}.Debug|Any CPU.ActiveCfg = Debug|Any CPU
		{33EE3358-DEFF-4DF2-A1E8-64577757E97C}.Debug|Any CPU.Build.0 = Debug|Any CPU
		{33EE3358-DEFF-4DF2-A1E8-64577757E97C}.Release|Any CPU.ActiveCfg = Release|Any CPU
		{33EE3358-DEFF-4DF2-A1E8-64577757E97C}.Release|Any CPU.Build.0 = Release|Any CPU
		{2C833CCA-6BE7-493A-BBB6-FBF1131315BD}.Debug|Any CPU.ActiveCfg = Debug|Any CPU
		{2C833CCA-6BE7-493A-BBB6-FBF1131315BD}.Debug|Any CPU.Build.0 = Debug|Any CPU
		{2C833CCA-6BE7-493A-BBB6-FBF1131315BD}.Release|Any CPU.ActiveCfg = Release|Any CPU
		{2C833CCA-6BE7-493A-BBB6-FBF1131315BD}.Release|Any CPU.Build.0 = Release|Any CPU
		{8A421480-A6C5-4428-828C-0F45FC40B3F8}.Debug|Any CPU.ActiveCfg = Debug|Any CPU
		{8A421480-A6C5-4428-828C-0F45FC40B3F8}.Debug|Any CPU.Build.0 = Debug|Any CPU
		{8A421480-A6C5-4428-828C-0F45FC40B3F8}.Release|Any CPU.ActiveCfg = Release|Any CPU
		{8A421480-A6C5-4428-828C-0F45FC40B3F8}.Release|Any CPU.Build.0 = Release|Any CPU
		{C9A0EA14-5E1C-4C58-A176-1894B83D970F}.Debug|Any CPU.ActiveCfg = Debug|Any CPU
		{C9A0EA14-5E1C-4C58-A176-1894B83D970F}.Debug|Any CPU.Build.0 = Debug|Any CPU
		{C9A0EA14-5E1C-4C58-A176-1894B83D970F}.Release|Any CPU.ActiveCfg = Release|Any CPU
		{C9A0EA14-5E1C-4C58-A176-1894B83D970F}.Release|Any CPU.Build.0 = Release|Any CPU
		{F02B123C-11B6-403A-A149-0D75A6DD3BDF}.Debug|Any CPU.ActiveCfg = Debug|Any CPU
		{F02B123C-11B6-403A-A149-0D75A6DD3BDF}.Debug|Any CPU.Build.0 = Debug|Any CPU
		{F02B123C-11B6-403A-A149-0D75A6DD3BDF}.Release|Any CPU.ActiveCfg = Release|Any CPU
		{F02B123C-11B6-403A-A149-0D75A6DD3BDF}.Release|Any CPU.Build.0 = Release|Any CPU
		{2D54A9B4-890B-4807-8C63-33B711452AFC}.Debug|Any CPU.ActiveCfg = Debug|Any CPU
		{2D54A9B4-890B-4807-8C63-33B711452AFC}.Debug|Any CPU.Build.0 = Debug|Any CPU
		{2D54A9B4-890B-4807-8C63-33B711452AFC}.Release|Any CPU.ActiveCfg = Release|Any CPU
		{2D54A9B4-890B-4807-8C63-33B711452AFC}.Release|Any CPU.Build.0 = Release|Any CPU
		{064695A6-D53B-4DB7-B08F-F0D33647BC5F}.Debug|Any CPU.ActiveCfg = Debug|Any CPU
		{064695A6-D53B-4DB7-B08F-F0D33647BC5F}.Debug|Any CPU.Build.0 = Debug|Any CPU
		{064695A6-D53B-4DB7-B08F-F0D33647BC5F}.Release|Any CPU.ActiveCfg = Release|Any CPU
		{064695A6-D53B-4DB7-B08F-F0D33647BC5F}.Release|Any CPU.Build.0 = Release|Any CPU
		{9F49BCE7-5123-456E-AF3B-A99CD665B14A}.Debug|Any CPU.ActiveCfg = Debug|Any CPU
		{9F49BCE7-5123-456E-AF3B-A99CD665B14A}.Debug|Any CPU.Build.0 = Debug|Any CPU
		{9F49BCE7-5123-456E-AF3B-A99CD665B14A}.Release|Any CPU.ActiveCfg = Release|Any CPU
		{9F49BCE7-5123-456E-AF3B-A99CD665B14A}.Release|Any CPU.Build.0 = Release|Any CPU
		{90F30E43-C1DB-477A-87C3-6DA986E7E09C}.Debug|Any CPU.ActiveCfg = Debug|Any CPU
		{90F30E43-C1DB-477A-87C3-6DA986E7E09C}.Debug|Any CPU.Build.0 = Debug|Any CPU
		{90F30E43-C1DB-477A-87C3-6DA986E7E09C}.Release|Any CPU.ActiveCfg = Release|Any CPU
		{90F30E43-C1DB-477A-87C3-6DA986E7E09C}.Release|Any CPU.Build.0 = Release|Any CPU
	EndGlobalSection
	GlobalSection(SolutionProperties) = preSolution
		HideSolutionNode = FALSE
	EndGlobalSection
	GlobalSection(ExtensibilityGlobals) = postSolution
		SolutionGuid = {B243BBDB-D946-400A-935F-ED5C45887CEA}
	EndGlobalSection
EndGlobal
