
Microsoft Visual Studio Solution File, Format Version 12.00
# Visual Studio Version 16
VisualStudioVersion = 16.0.28902.138
MinimumVisualStudioVersion = 10.0.40219.1
Project("{9A19103F-16F7-4668-BE54-9A1E7A4F7556}") = "RhombusOfStars", "RhombusOfStars\RhombusOfStars.csproj", "{22FEDCB8-09F0-4C3F-B0B9-B461B70014DA}"
EndProject
Project("{9A19103F-16F7-4668-BE54-9A1E7A4F7556}") = "PointInRectangle", "PointInRectangle\PointInRectangle.csproj", "{106549A9-36AC-4C1D-87FA-E66958257845}"
EndProject
Project("{9A19103F-16F7-4668-BE54-9A1E7A4F7556}") = "P03_StudentSystem", "StudentSystem\P03_StudentSystem.csproj", "{78AD51DD-BBBD-4B09-8C24-A3A76E9BAFF3}"
EndProject
Project("{9A19103F-16F7-4668-BE54-9A1E7A4F7556}") = "HotelReservation", "HotelReservation\HotelReservation.csproj", "{BC17EE62-85CA-46DB-987B-FDB0EAAD0BF6}"
EndProject
Project("{9A19103F-16F7-4668-BE54-9A1E7A4F7556}") = "P01_RawData", "P01_RawData\P01_RawData.csproj", "{CAB18896-90E3-4389-8939-81267CDEA566}"
EndProject
Project("{9A19103F-16F7-4668-BE54-9A1E7A4F7556}") = "P02_CarsSalesman", "P02_CarsSalesman\P02_CarsSalesman.csproj", "{3D76F6F5-1C28-445A-A245-6DC8DA099CA3}"
EndProject
Project("{9A19103F-16F7-4668-BE54-9A1E7A4F7556}") = "P03_JediGalaxy", "P03_JediGalaxy\P03_JediGalaxy.csproj", "{8D219581-D35A-408C-99FA-B7A1BEE58E30}"
EndProject
Project("{9A19103F-16F7-4668-BE54-9A1E7A4F7556}") = "P04_Hospital", "P04_Hospital\P04_Hospital.csproj", "{AD23E1CF-99D1-40C1-95E5-23A3CA7DD0E9}"
EndProject
Project("{9A19103F-16F7-4668-BE54-9A1E7A4F7556}") = "P05_GreedyTimes", "P05_GreedyTimes\P05_GreedyTimes.csproj", "{AD976211-C558-40AA-852C-C04264BC57F3}"
EndProject
Project("{9A19103F-16F7-4668-BE54-9A1E7A4F7556}") = "P06_Sneaking", "P06_Sneaking\P06_Sneaking.csproj", "{58ED5AC8-0CF6-4856-8CB3-FF6375FB7723}"
EndProject
Global
	GlobalSection(SolutionConfigurationPlatforms) = preSolution
		Debug|Any CPU = Debug|Any CPU
		Release|Any CPU = Release|Any CPU
	EndGlobalSection
	GlobalSection(ProjectConfigurationPlatforms) = postSolution
		{22FEDCB8-09F0-4C3F-B0B9-B461B70014DA}.Debug|Any CPU.ActiveCfg = Debug|Any CPU
		{22FEDCB8-09F0-4C3F-B0B9-B461B70014DA}.Debug|Any CPU.Build.0 = Debug|Any CPU
		{22FEDCB8-09F0-4C3F-B0B9-B461B70014DA}.Release|Any CPU.ActiveCfg = Release|Any CPU
		{22FEDCB8-09F0-4C3F-B0B9-B461B70014DA}.Release|Any CPU.Build.0 = Release|Any CPU
		{106549A9-36AC-4C1D-87FA-E66958257845}.Debug|Any CPU.ActiveCfg = Debug|Any CPU
		{106549A9-36AC-4C1D-87FA-E66958257845}.Debug|Any CPU.Build.0 = Debug|Any CPU
		{106549A9-36AC-4C1D-87FA-E66958257845}.Release|Any CPU.ActiveCfg = Release|Any CPU
		{106549A9-36AC-4C1D-87FA-E66958257845}.Release|Any CPU.Build.0 = Release|Any CPU
		{78AD51DD-BBBD-4B09-8C24-A3A76E9BAFF3}.Debug|Any CPU.ActiveCfg = Debug|Any CPU
		{78AD51DD-BBBD-4B09-8C24-A3A76E9BAFF3}.Debug|Any CPU.Build.0 = Debug|Any CPU
		{78AD51DD-BBBD-4B09-8C24-A3A76E9BAFF3}.Release|Any CPU.ActiveCfg = Release|Any CPU
		{78AD51DD-BBBD-4B09-8C24-A3A76E9BAFF3}.Release|Any CPU.Build.0 = Release|Any CPU
		{BC17EE62-85CA-46DB-987B-FDB0EAAD0BF6}.Debug|Any CPU.ActiveCfg = Debug|Any CPU
		{BC17EE62-85CA-46DB-987B-FDB0EAAD0BF6}.Debug|Any CPU.Build.0 = Debug|Any CPU
		{BC17EE62-85CA-46DB-987B-FDB0EAAD0BF6}.Release|Any CPU.ActiveCfg = Release|Any CPU
		{BC17EE62-85CA-46DB-987B-FDB0EAAD0BF6}.Release|Any CPU.Build.0 = Release|Any CPU
		{CAB18896-90E3-4389-8939-81267CDEA566}.Debug|Any CPU.ActiveCfg = Debug|Any CPU
		{CAB18896-90E3-4389-8939-81267CDEA566}.Debug|Any CPU.Build.0 = Debug|Any CPU
		{CAB18896-90E3-4389-8939-81267CDEA566}.Release|Any CPU.ActiveCfg = Release|Any CPU
		{CAB18896-90E3-4389-8939-81267CDEA566}.Release|Any CPU.Build.0 = Release|Any CPU
		{3D76F6F5-1C28-445A-A245-6DC8DA099CA3}.Debug|Any CPU.ActiveCfg = Debug|Any CPU
		{3D76F6F5-1C28-445A-A245-6DC8DA099CA3}.Debug|Any CPU.Build.0 = Debug|Any CPU
		{3D76F6F5-1C28-445A-A245-6DC8DA099CA3}.Release|Any CPU.ActiveCfg = Release|Any CPU
		{3D76F6F5-1C28-445A-A245-6DC8DA099CA3}.Release|Any CPU.Build.0 = Release|Any CPU
		{8D219581-D35A-408C-99FA-B7A1BEE58E30}.Debug|Any CPU.ActiveCfg = Debug|Any CPU
		{8D219581-D35A-408C-99FA-B7A1BEE58E30}.Debug|Any CPU.Build.0 = Debug|Any CPU
		{8D219581-D35A-408C-99FA-B7A1BEE58E30}.Release|Any CPU.ActiveCfg = Release|Any CPU
		{8D219581-D35A-408C-99FA-B7A1BEE58E30}.Release|Any CPU.Build.0 = Release|Any CPU
		{AD23E1CF-99D1-40C1-95E5-23A3CA7DD0E9}.Debug|Any CPU.ActiveCfg = Debug|Any CPU
		{AD23E1CF-99D1-40C1-95E5-23A3CA7DD0E9}.Debug|Any CPU.Build.0 = Debug|Any CPU
		{AD23E1CF-99D1-40C1-95E5-23A3CA7DD0E9}.Release|Any CPU.ActiveCfg = Release|Any CPU
		{AD23E1CF-99D1-40C1-95E5-23A3CA7DD0E9}.Release|Any CPU.Build.0 = Release|Any CPU
		{AD976211-C558-40AA-852C-C04264BC57F3}.Debug|Any CPU.ActiveCfg = Debug|Any CPU
		{AD976211-C558-40AA-852C-C04264BC57F3}.Debug|Any CPU.Build.0 = Debug|Any CPU
		{AD976211-C558-40AA-852C-C04264BC57F3}.Release|Any CPU.ActiveCfg = Release|Any CPU
		{AD976211-C558-40AA-852C-C04264BC57F3}.Release|Any CPU.Build.0 = Release|Any CPU
		{58ED5AC8-0CF6-4856-8CB3-FF6375FB7723}.Debug|Any CPU.ActiveCfg = Debug|Any CPU
		{58ED5AC8-0CF6-4856-8CB3-FF6375FB7723}.Debug|Any CPU.Build.0 = Debug|Any CPU
		{58ED5AC8-0CF6-4856-8CB3-FF6375FB7723}.Release|Any CPU.ActiveCfg = Release|Any CPU
		{58ED5AC8-0CF6-4856-8CB3-FF6375FB7723}.Release|Any CPU.Build.0 = Release|Any CPU
	EndGlobalSection
	GlobalSection(SolutionProperties) = preSolution
		HideSolutionNode = FALSE
	EndGlobalSection
	GlobalSection(ExtensibilityGlobals) = postSolution
		SolutionGuid = {6B25EEC8-5176-42BD-8848-18A68B2BA403}
	EndGlobalSection
EndGlobal
