
Microsoft Visual Studio Solution File, Format Version 12.00
# Visual Studio Version 16
VisualStudioVersion = 16.0.28803.452
MinimumVisualStudioVersion = 10.0.40219.1
Project("{9A19103F-16F7-4668-BE54-9A1E7A4F7556}") = "Shapes", "Shapes\Shapes.csproj", "{4129D2DF-016B-44BD-9C15-7225DA9D937B}"
EndProject
Project("{9A19103F-16F7-4668-BE54-9A1E7A4F7556}") = "Cars", "Cars\Cars.csproj", "{57F72B52-502D-4543-9385-A8B4AC30782E}"
EndProject
Project("{9A19103F-16F7-4668-BE54-9A1E7A4F7556}") = "DefineAnInterfaceIPerson", "DefineAnInterfaceIPerson\DefineAnInterfaceIPerson.csproj", "{9B6495D5-655E-4265-A18A-BE6B041E902C}"
EndProject
Project("{9A19103F-16F7-4668-BE54-9A1E7A4F7556}") = "MultipleImplementation", "MultipleImplementation\MultipleImplementation.csproj", "{CA57393B-565D-44A1-808E-478426C5819A}"
EndProject
Project("{9A19103F-16F7-4668-BE54-9A1E7A4F7556}") = "Ferrari", "Ferrari\Ferrari.csproj", "{ADC6A203-DA4F-48A6-A55B-9E5DF72D0207}"
EndProject
Project("{9A19103F-16F7-4668-BE54-9A1E7A4F7556}") = "Telephony", "Telephony\Telephony.csproj", "{FA644851-0279-4AE9-B853-7EB517DA934D}"
EndProject
Project("{9A19103F-16F7-4668-BE54-9A1E7A4F7556}") = "BorderControl", "BorderControl\BorderControl.csproj", "{21B4E0BE-5218-4958-A1BB-F423849297F6}"
EndProject
Project("{9A19103F-16F7-4668-BE54-9A1E7A4F7556}") = "BirthdayCelebrations", "BirthdayCelebrations\BirthdayCelebrations.csproj", "{0D688880-F17B-4091-AF8F-E0CF5F5F9270}"
EndProject
Project("{FAE04EC0-301F-11D3-BF4B-00C04F79EFBC}") = "FoodShortage", "FoodShortage\FoodShortage.csproj", "{B3DA2053-4104-4128-91D1-BF0EA0E38459}"
EndProject
Project("{FAE04EC0-301F-11D3-BF4B-00C04F79EFBC}") = "MilitaryElite", "MilitaryElite\MilitaryElite.csproj", "{FCFFE529-0E45-49EB-BA9B-87C568B48174}"
EndProject
Global
	GlobalSection(SolutionConfigurationPlatforms) = preSolution
		Debug|Any CPU = Debug|Any CPU
		Release|Any CPU = Release|Any CPU
	EndGlobalSection
	GlobalSection(ProjectConfigurationPlatforms) = postSolution
		{4129D2DF-016B-44BD-9C15-7225DA9D937B}.Debug|Any CPU.ActiveCfg = Debug|Any CPU
		{4129D2DF-016B-44BD-9C15-7225DA9D937B}.Debug|Any CPU.Build.0 = Debug|Any CPU
		{4129D2DF-016B-44BD-9C15-7225DA9D937B}.Release|Any CPU.ActiveCfg = Release|Any CPU
		{4129D2DF-016B-44BD-9C15-7225DA9D937B}.Release|Any CPU.Build.0 = Release|Any CPU
		{57F72B52-502D-4543-9385-A8B4AC30782E}.Debug|Any CPU.ActiveCfg = Debug|Any CPU
		{57F72B52-502D-4543-9385-A8B4AC30782E}.Debug|Any CPU.Build.0 = Debug|Any CPU
		{57F72B52-502D-4543-9385-A8B4AC30782E}.Release|Any CPU.ActiveCfg = Release|Any CPU
		{57F72B52-502D-4543-9385-A8B4AC30782E}.Release|Any CPU.Build.0 = Release|Any CPU
		{9B6495D5-655E-4265-A18A-BE6B041E902C}.Debug|Any CPU.ActiveCfg = Debug|Any CPU
		{9B6495D5-655E-4265-A18A-BE6B041E902C}.Debug|Any CPU.Build.0 = Debug|Any CPU
		{9B6495D5-655E-4265-A18A-BE6B041E902C}.Release|Any CPU.ActiveCfg = Release|Any CPU
		{9B6495D5-655E-4265-A18A-BE6B041E902C}.Release|Any CPU.Build.0 = Release|Any CPU
		{CA57393B-565D-44A1-808E-478426C5819A}.Debug|Any CPU.ActiveCfg = Debug|Any CPU
		{CA57393B-565D-44A1-808E-478426C5819A}.Debug|Any CPU.Build.0 = Debug|Any CPU
		{CA57393B-565D-44A1-808E-478426C5819A}.Release|Any CPU.ActiveCfg = Release|Any CPU
		{CA57393B-565D-44A1-808E-478426C5819A}.Release|Any CPU.Build.0 = Release|Any CPU
		{ADC6A203-DA4F-48A6-A55B-9E5DF72D0207}.Debug|Any CPU.ActiveCfg = Debug|Any CPU
		{ADC6A203-DA4F-48A6-A55B-9E5DF72D0207}.Debug|Any CPU.Build.0 = Debug|Any CPU
		{ADC6A203-DA4F-48A6-A55B-9E5DF72D0207}.Release|Any CPU.ActiveCfg = Release|Any CPU
		{ADC6A203-DA4F-48A6-A55B-9E5DF72D0207}.Release|Any CPU.Build.0 = Release|Any CPU
		{FA644851-0279-4AE9-B853-7EB517DA934D}.Debug|Any CPU.ActiveCfg = Debug|Any CPU
		{FA644851-0279-4AE9-B853-7EB517DA934D}.Debug|Any CPU.Build.0 = Debug|Any CPU
		{FA644851-0279-4AE9-B853-7EB517DA934D}.Release|Any CPU.ActiveCfg = Release|Any CPU
		{FA644851-0279-4AE9-B853-7EB517DA934D}.Release|Any CPU.Build.0 = Release|Any CPU
		{21B4E0BE-5218-4958-A1BB-F423849297F6}.Debug|Any CPU.ActiveCfg = Debug|Any CPU
		{21B4E0BE-5218-4958-A1BB-F423849297F6}.Debug|Any CPU.Build.0 = Debug|Any CPU
		{21B4E0BE-5218-4958-A1BB-F423849297F6}.Release|Any CPU.ActiveCfg = Release|Any CPU
		{21B4E0BE-5218-4958-A1BB-F423849297F6}.Release|Any CPU.Build.0 = Release|Any CPU
		{0D688880-F17B-4091-AF8F-E0CF5F5F9270}.Debug|Any CPU.ActiveCfg = Debug|Any CPU
		{0D688880-F17B-4091-AF8F-E0CF5F5F9270}.Debug|Any CPU.Build.0 = Debug|Any CPU
		{0D688880-F17B-4091-AF8F-E0CF5F5F9270}.Release|Any CPU.ActiveCfg = Release|Any CPU
		{0D688880-F17B-4091-AF8F-E0CF5F5F9270}.Release|Any CPU.Build.0 = Release|Any CPU
		{B3DA2053-4104-4128-91D1-BF0EA0E38459}.Debug|Any CPU.ActiveCfg = Debug|Any CPU
		{B3DA2053-4104-4128-91D1-BF0EA0E38459}.Debug|Any CPU.Build.0 = Debug|Any CPU
		{B3DA2053-4104-4128-91D1-BF0EA0E38459}.Release|Any CPU.ActiveCfg = Release|Any CPU
		{B3DA2053-4104-4128-91D1-BF0EA0E38459}.Release|Any CPU.Build.0 = Release|Any CPU
		{FCFFE529-0E45-49EB-BA9B-87C568B48174}.Debug|Any CPU.ActiveCfg = Debug|Any CPU
		{FCFFE529-0E45-49EB-BA9B-87C568B48174}.Debug|Any CPU.Build.0 = Debug|Any CPU
		{FCFFE529-0E45-49EB-BA9B-87C568B48174}.Release|Any CPU.ActiveCfg = Release|Any CPU
		{FCFFE529-0E45-49EB-BA9B-87C568B48174}.Release|Any CPU.Build.0 = Release|Any CPU
	EndGlobalSection
	GlobalSection(SolutionProperties) = preSolution
		HideSolutionNode = FALSE
	EndGlobalSection
	GlobalSection(ExtensibilityGlobals) = postSolution
		SolutionGuid = {57B34D1F-374D-4884-A9A3-C1F9B79FB87B}
	EndGlobalSection
EndGlobal
