
Microsoft Visual Studio Solution File, Format Version 12.00
# Visual Studio Version 16
VisualStudioVersion = 16.0.28902.138
MinimumVisualStudioVersion = 10.0.40219.1
Project("{FAE04EC0-301F-11D3-BF4B-00C04F79EFBC}") = "Odd Lines", "Odd Lines\Odd Lines.csproj", "{7DAC5CBF-4297-42A2-9EFD-F7F1E15FE4D6}"
EndProject
Project("{FAE04EC0-301F-11D3-BF4B-00C04F79EFBC}") = "Line Numbers", "Line Numbers\Line Numbers.csproj", "{975EB371-61D5-4C03-A901-35680B008ADB}"
EndProject
Project("{FAE04EC0-301F-11D3-BF4B-00C04F79EFBC}") = "Word Count", "Word Count\Word Count.csproj", "{039E8032-10D9-4B81-AB62-7A6A14470A1A}"
EndProject
Global
	GlobalSection(SolutionConfigurationPlatforms) = preSolution
		Debug|Any CPU = Debug|Any CPU
		Release|Any CPU = Release|Any CPU
	EndGlobalSection
	GlobalSection(ProjectConfigurationPlatforms) = postSolution
		{7DAC5CBF-4297-42A2-9EFD-F7F1E15FE4D6}.Debug|Any CPU.ActiveCfg = Debug|Any CPU
		{7DAC5CBF-4297-42A2-9EFD-F7F1E15FE4D6}.Debug|Any CPU.Build.0 = Debug|Any CPU
		{7DAC5CBF-4297-42A2-9EFD-F7F1E15FE4D6}.Release|Any CPU.ActiveCfg = Release|Any CPU
		{7DAC5CBF-4297-42A2-9EFD-F7F1E15FE4D6}.Release|Any CPU.Build.0 = Release|Any CPU
		{975EB371-61D5-4C03-A901-35680B008ADB}.Debug|Any CPU.ActiveCfg = Debug|Any CPU
		{975EB371-61D5-4C03-A901-35680B008ADB}.Debug|Any CPU.Build.0 = Debug|Any CPU
		{975EB371-61D5-4C03-A901-35680B008ADB}.Release|Any CPU.ActiveCfg = Release|Any CPU
		{975EB371-61D5-4C03-A901-35680B008ADB}.Release|Any CPU.Build.0 = Release|Any CPU
		{039E8032-10D9-4B81-AB62-7A6A14470A1A}.Debug|Any CPU.ActiveCfg = Debug|Any CPU
		{039E8032-10D9-4B81-AB62-7A6A14470A1A}.Debug|Any CPU.Build.0 = Debug|Any CPU
		{039E8032-10D9-4B81-AB62-7A6A14470A1A}.Release|Any CPU.ActiveCfg = Release|Any CPU
		{039E8032-10D9-4B81-AB62-7A6A14470A1A}.Release|Any CPU.Build.0 = Release|Any CPU
	EndGlobalSection
	GlobalSection(SolutionProperties) = preSolution
		HideSolutionNode = FALSE
	EndGlobalSection
	GlobalSection(ExtensibilityGlobals) = postSolution
		SolutionGuid = {DE46BC40-2A4F-4D15-97CA-A24EDF4BD003}
	EndGlobalSection
EndGlobal
