
Microsoft Visual Studio Solution File, Format Version 12.00
# Visual Studio Version 16
VisualStudioVersion = 16.0.28902.138
MinimumVisualStudioVersion = 10.0.40219.1
Project("{9A19103F-16F7-4668-BE54-9A1E7A4F7556}") = "Odd Lines", "Odd Lines\Odd Lines.csproj", "{7DAC5CBF-4297-42A2-9EFD-F7F1E15FE4D6}"
EndProject
Project("{9A19103F-16F7-4668-BE54-9A1E7A4F7556}") = "Line Numbers", "Line Numbers\Line Numbers.csproj", "{975EB371-61D5-4C03-A901-35680B008ADB}"
EndProject
Project("{9A19103F-16F7-4668-BE54-9A1E7A4F7556}") = "Word Count", "Word Count\Word Count.csproj", "{039E8032-10D9-4B81-AB62-7A6A14470A1A}"
EndProject
Project("{9A19103F-16F7-4668-BE54-9A1E7A4F7556}") = "Merge Files", "Merge Files\Merge Files.csproj", "{2A74C876-B120-460A-B7DA-70C081445E22}"
EndProject
Project("{9A19103F-16F7-4668-BE54-9A1E7A4F7556}") = "Slice a File", "Slice a File\Slice a File.csproj", "{DDDC06E7-70A3-4766-BA98-4CC5E7887E36}"
EndProject
Project("{9A19103F-16F7-4668-BE54-9A1E7A4F7556}") = "Calculate Folder Size", "Calculate Folder Size\Calculate Folder Size.csproj", "{FAF8FA19-2530-4FC8-A4AB-35B308E58CBE}"
EndProject
Project("{9A19103F-16F7-4668-BE54-9A1E7A4F7556}") = "Even Lines", "Even Lines\Even Lines.csproj", "{9F0F66C4-C807-4C72-8E59-F08BDE7BA275}"
EndProject
Project("{9A19103F-16F7-4668-BE54-9A1E7A4F7556}") = "Line Numbers 2.0", "Line Numbers 2.0\Line Numbers 2.0.csproj", "{77AB3FC8-78D8-4C97-9A4E-E155789A0493}"
EndProject
Project("{9A19103F-16F7-4668-BE54-9A1E7A4F7556}") = "Word Count 2.0", "Word Count 2.0\Word Count 2.0.csproj", "{CA7E92C1-279F-4E1E-BCDE-B04D23D622C6}"
EndProject
Project("{9A19103F-16F7-4668-BE54-9A1E7A4F7556}") = "Copy Binary File", "Copy Binary File\Copy Binary File.csproj", "{FA347CE8-7EF2-4910-AE57-FC9074716F9A}"
EndProject
Project("{FAE04EC0-301F-11D3-BF4B-00C04F79EFBC}") = "Directory Traversal", "Directory Traversal\Directory Traversal.csproj", "{535E24BA-4C27-47C8-BFEA-5F6EDB8F0A0D}"
EndProject
Project("{FAE04EC0-301F-11D3-BF4B-00C04F79EFBC}") = "Zip and Extract", "Zip and Extract\Zip and Extract.csproj", "{DD9305FB-6742-4A24-B21A-24FD480277A6}"
EndProject
Global
	GlobalSection(SolutionConfigurationPlatforms) = preSolution
		Debug|Any CPU = Debug|Any CPU
		Release|Any CPU = Release|Any CPU
	EndGlobalSection
	GlobalSection(ProjectConfigurationPlatforms) = postSolution
		{7DAC5CBF-4297-42A2-9EFD-F7F1E15FE4D6}.Debug|Any CPU.ActiveCfg = Debug|Any CPU
		{7DAC5CBF-4297-42A2-9EFD-F7F1E15FE4D6}.Debug|Any CPU.Build.0 = Debug|Any CPU
		{7DAC5CBF-4297-42A2-9EFD-F7F1E15FE4D6}.Release|Any CPU.ActiveCfg = Release|Any CPU
		{7DAC5CBF-4297-42A2-9EFD-F7F1E15FE4D6}.Release|Any CPU.Build.0 = Release|Any CPU
		{975EB371-61D5-4C03-A901-35680B008ADB}.Debug|Any CPU.ActiveCfg = Debug|Any CPU
		{975EB371-61D5-4C03-A901-35680B008ADB}.Debug|Any CPU.Build.0 = Debug|Any CPU
		{975EB371-61D5-4C03-A901-35680B008ADB}.Release|Any CPU.ActiveCfg = Release|Any CPU
		{975EB371-61D5-4C03-A901-35680B008ADB}.Release|Any CPU.Build.0 = Release|Any CPU
		{039E8032-10D9-4B81-AB62-7A6A14470A1A}.Debug|Any CPU.ActiveCfg = Debug|Any CPU
		{039E8032-10D9-4B81-AB62-7A6A14470A1A}.Debug|Any CPU.Build.0 = Debug|Any CPU
		{039E8032-10D9-4B81-AB62-7A6A14470A1A}.Release|Any CPU.ActiveCfg = Release|Any CPU
		{039E8032-10D9-4B81-AB62-7A6A14470A1A}.Release|Any CPU.Build.0 = Release|Any CPU
		{2A74C876-B120-460A-B7DA-70C081445E22}.Debug|Any CPU.ActiveCfg = Debug|Any CPU
		{2A74C876-B120-460A-B7DA-70C081445E22}.Debug|Any CPU.Build.0 = Debug|Any CPU
		{2A74C876-B120-460A-B7DA-70C081445E22}.Release|Any CPU.ActiveCfg = Release|Any CPU
		{2A74C876-B120-460A-B7DA-70C081445E22}.Release|Any CPU.Build.0 = Release|Any CPU
		{DDDC06E7-70A3-4766-BA98-4CC5E7887E36}.Debug|Any CPU.ActiveCfg = Debug|Any CPU
		{DDDC06E7-70A3-4766-BA98-4CC5E7887E36}.Debug|Any CPU.Build.0 = Debug|Any CPU
		{DDDC06E7-70A3-4766-BA98-4CC5E7887E36}.Release|Any CPU.ActiveCfg = Release|Any CPU
		{DDDC06E7-70A3-4766-BA98-4CC5E7887E36}.Release|Any CPU.Build.0 = Release|Any CPU
		{FAF8FA19-2530-4FC8-A4AB-35B308E58CBE}.Debug|Any CPU.ActiveCfg = Debug|Any CPU
		{FAF8FA19-2530-4FC8-A4AB-35B308E58CBE}.Debug|Any CPU.Build.0 = Debug|Any CPU
		{FAF8FA19-2530-4FC8-A4AB-35B308E58CBE}.Release|Any CPU.ActiveCfg = Release|Any CPU
		{FAF8FA19-2530-4FC8-A4AB-35B308E58CBE}.Release|Any CPU.Build.0 = Release|Any CPU
		{9F0F66C4-C807-4C72-8E59-F08BDE7BA275}.Debug|Any CPU.ActiveCfg = Debug|Any CPU
		{9F0F66C4-C807-4C72-8E59-F08BDE7BA275}.Debug|Any CPU.Build.0 = Debug|Any CPU
		{9F0F66C4-C807-4C72-8E59-F08BDE7BA275}.Release|Any CPU.ActiveCfg = Release|Any CPU
		{9F0F66C4-C807-4C72-8E59-F08BDE7BA275}.Release|Any CPU.Build.0 = Release|Any CPU
		{77AB3FC8-78D8-4C97-9A4E-E155789A0493}.Debug|Any CPU.ActiveCfg = Debug|Any CPU
		{77AB3FC8-78D8-4C97-9A4E-E155789A0493}.Debug|Any CPU.Build.0 = Debug|Any CPU
		{77AB3FC8-78D8-4C97-9A4E-E155789A0493}.Release|Any CPU.ActiveCfg = Release|Any CPU
		{77AB3FC8-78D8-4C97-9A4E-E155789A0493}.Release|Any CPU.Build.0 = Release|Any CPU
		{CA7E92C1-279F-4E1E-BCDE-B04D23D622C6}.Debug|Any CPU.ActiveCfg = Debug|Any CPU
		{CA7E92C1-279F-4E1E-BCDE-B04D23D622C6}.Debug|Any CPU.Build.0 = Debug|Any CPU
		{CA7E92C1-279F-4E1E-BCDE-B04D23D622C6}.Release|Any CPU.ActiveCfg = Release|Any CPU
		{CA7E92C1-279F-4E1E-BCDE-B04D23D622C6}.Release|Any CPU.Build.0 = Release|Any CPU
		{FA347CE8-7EF2-4910-AE57-FC9074716F9A}.Debug|Any CPU.ActiveCfg = Debug|Any CPU
		{FA347CE8-7EF2-4910-AE57-FC9074716F9A}.Debug|Any CPU.Build.0 = Debug|Any CPU
		{FA347CE8-7EF2-4910-AE57-FC9074716F9A}.Release|Any CPU.ActiveCfg = Release|Any CPU
		{FA347CE8-7EF2-4910-AE57-FC9074716F9A}.Release|Any CPU.Build.0 = Release|Any CPU
		{535E24BA-4C27-47C8-BFEA-5F6EDB8F0A0D}.Debug|Any CPU.ActiveCfg = Debug|Any CPU
		{535E24BA-4C27-47C8-BFEA-5F6EDB8F0A0D}.Debug|Any CPU.Build.0 = Debug|Any CPU
		{535E24BA-4C27-47C8-BFEA-5F6EDB8F0A0D}.Release|Any CPU.ActiveCfg = Release|Any CPU
		{535E24BA-4C27-47C8-BFEA-5F6EDB8F0A0D}.Release|Any CPU.Build.0 = Release|Any CPU
		{DD9305FB-6742-4A24-B21A-24FD480277A6}.Debug|Any CPU.ActiveCfg = Debug|Any CPU
		{DD9305FB-6742-4A24-B21A-24FD480277A6}.Debug|Any CPU.Build.0 = Debug|Any CPU
		{DD9305FB-6742-4A24-B21A-24FD480277A6}.Release|Any CPU.ActiveCfg = Release|Any CPU
		{DD9305FB-6742-4A24-B21A-24FD480277A6}.Release|Any CPU.Build.0 = Release|Any CPU
	EndGlobalSection
	GlobalSection(SolutionProperties) = preSolution
		HideSolutionNode = FALSE
	EndGlobalSection
	GlobalSection(ExtensibilityGlobals) = postSolution
		SolutionGuid = {DE46BC40-2A4F-4D15-97CA-A24EDF4BD003}
	EndGlobalSection
EndGlobal
